Microsoft Visual Studio Solution File, Format Version 12.00
# Visual Studio Version 17
VisualStudioVersion = 17.5.2.0
MinimumVisualStudioVersion = 10.0.40219.1
Project("{FAE04EC0-301F-11D3-BF4B-00C04F79EFBC}") = "prototype.c#", "prototype.c#.csproj", "{0F628B50-9171-C7D3-DCEA-44A0FBC70309}"
EndProject
Global
	GlobalSection(SolutionConfigurationPlatforms) = preSolution
		Debug|Any CPU = Debug|Any CPU
		Release|Any CPU = Release|Any CPU
	EndGlobalSection
	GlobalSection(ProjectConfigurationPlatforms) = postSolution
		{0F628B50-9171-C7D3-DCEA-44A0FBC70309}.Debug|Any CPU.ActiveCfg = Debug|Any CPU
		{0F628B50-9171-C7D3-DCEA-44A0FBC70309}.Debug|Any CPU.Build.0 = Debug|Any CPU
		{0F628B50-9171-C7D3-DCEA-44A0FBC70309}.Release|Any CPU.ActiveCfg = Release|Any CPU
		{0F628B50-9171-C7D3-DCEA-44A0FBC70309}.Release|Any CPU.Build.0 = Release|Any CPU
	EndGlobalSection
	GlobalSection(SolutionProperties) = preSolution
		HideSolutionNode = FALSE
	EndGlobalSection
	GlobalSection(ExtensibilityGlobals) = postSolution
		SolutionGuid = {C029ED7C-90DE-43DB-B78D-D6CEC769CD77}
	EndGlobalSection
EndGlobal
